# This file is automatically @generated by Cargo.
# It is not intended for manual editing.
version = 4

[[package]]
name = "anyhow"
version = "1.0.104"
source = "registry+https://github.com/rust-lang/crates.io-index"
checksum = "330a5ed07fa54e4702c9d6c4174f74427fc0ef6e214bbd677ae50a5099946470"

[[package]]
name = "arbitrary"
version = "1.4.2"
source = "registry+https://github.com/rust-lang/crates.io-index"
checksum = "c3d036a3c4ab069c7b410a2ce876bd74808d2d0888a82667669f8e783a898bf1"

[[package]]
name = "bitflags"
version = "2.13.2"
source = "registry+https://github.com/rust-lang/crates.io-index"
checksum = "3ded4057c258ba199e2d26386d3af3780957ecaee6c4ef4041c6b4b8b97c0b06"

[[package]]
name = "bumpalo"
version = "3.20.3"
source = "registry+https://github.com/rust-lang/crates.io-index"
checksum = "72f5acc6cb2ba439de613abc23857ec3d78374d8ed5ac84e9d11336e87da8649"

[[package]]
name = "cc"
version = "1.4.6"
source = "registry+https://github.com/rust-lang/crates.io-index"
checksum = "a3eb0f42d6c360dc3f8a821f6bf2fdea7f72bfd36b3076eb0e6d1e9e0752fff4"
dependencies = [
 "find-msvc-tools",
 "jobserver",
 "libc",
 "shlex",
]

[[package]]
name = "cfg-if"
version = "1.0.5"
source = "registry+https://github.com/rust-lang/crates.io-index"
checksum = "4e7648175b45a9a48536d676f68d918270699102aa8dab5496df06904c914600"

[[package]]
name = "chardetng"
version = "1.0.0"
source = "registry+https://github.com/rust-lang/crates.io-index"
checksum = "13de944a44b5064ee5d3a5ceccc49a41bfec50f2580e66f82e87703acdb88b53"
dependencies = [
 "cfg-if",
 "encoding_rs",
 "memchr",
]

[[package]]
name = "convert_case"
version = "0.10.0"
source = "registry+https://github.com/rust-lang/crates.io-index"
checksum = "633458d4ef8c78b72454de2d54fd6ab2e60f9e02be22f3c6104cdc8a4e0fceb9"
dependencies = [
 "unicode-segmentation",
]

[[package]]
name = "core_detect"
version = "1.0.0"
source = "registry+https://github.com/rust-lang/crates.io-index"
checksum = "7f8f80099a98041a3d1622845c271458a2d73e688351bf3cb999266764b81d48"

[[package]]
name = "derive_more"
version = "2.1.1"
source = "registry+https://github.com/rust-lang/crates.io-index"
checksum = "d751e9e49156b02b44f9c1815bcb94b984cdcc4396ecc32521c739452808b134"
dependencies = [
 "derive_more-impl",
]

[[package]]
name = "derive_more-impl"
version = "2.1.1"
source = "registry+https://github.com/rust-lang/crates.io-index"
checksum = "799a97264921d8623a957f6c3b9011f3b5492f557bbb7a5a19b7fa6d06ba8dcb"
dependencies = [
 "convert_case",
 "proc-macro2",
 "quote",
 "rustc_version",
 "syn 2.0.119",
 "unicode-xid",
]

[[package]]
name = "encoding_rs"
version = "0.8.41"
source = "registry+https://github.com/rust-lang/crates.io-index"
checksum = "7b5ef0006ac9ab233c38522f5ae99cae3625151de8f706cacee1cba4b8e2832a"
dependencies = [
 "cfg-if",
 "core_detect",
 "multiversion",
 "multiversion_no_op",
 "rustversion",
 "scopeguard",
 "simdutf8",
]

[[package]]
name = "find-msvc-tools"
version = "0.1.12"
source = "registry+https://github.com/rust-lang/crates.io-index"
checksum = "3e0f1c7c3a72c66fd80abe965175f7523475c0489a87d3ff9d6e8c87d87a9d2d"

[[package]]
name = "futures"
version = "0.3.34"
source = "registry+https://github.com/rust-lang/crates.io-index"
checksum = "9a31d2a3fbaaeb2af2368bbdd904aa8e812d3c04a1ee10d3171f52d556e5d0a3"
dependencies = [
 "futures-channel",
 "futures-core",
 "futures-executor",
 "futures-io",
 "futures-sink",
 "futures-task",
 "futures-util",
]

[[package]]
name = "futures-channel"
version = "0.3.34"
source = "registry+https://github.com/rust-lang/crates.io-index"
checksum = "b1f9e3d69d39e4862ffed03ed071a76f9a13ba1d9109d355b0f0aa6b15e393c4"
dependencies = [
 "futures-core",
 "futures-sink",
]

[[package]]
name = "futures-core"
version = "0.3.34"
source = "registry+https://github.com/rust-lang/crates.io-index"
checksum = "92d699e522242e69e3003b94ecc1f960f3a5e015aa7c5d7486e65ad01dd94f5e"

[[package]]
name = "futures-executor"
version = "0.3.34"
source = "registry+https://github.com/rust-lang/crates.io-index"
checksum = "031b47cf1a3c6cc8bc2fc76cd437f521619387907d469316e7c0bc278f1f5432"
dependencies = [
 "futures-core",
 "futures-task",
 "futures-util",
]

[[package]]
name = "futures-io"
version = "0.3.34"
source = "registry+https://github.com/rust-lang/crates.io-index"
checksum = "53c0fa8157de1303bfffdaa1cc2a673bfffb60102f76b0ef4441659124373fed"

[[package]]
name = "futures-macro"
version = "0.3.34"
source = "registry+https://github.com/rust-lang/crates.io-index"
checksum = "9fb9654ba8355388abeb8dcb4fc62f511300867002afc858860463bdd9fe0c44"
dependencies = [
 "proc-macro2",
 "quote",
 "syn 3.0.6",
]

[[package]]
name = "futures-sink"
version = "0.3.34"
source = "registry+https://github.com/rust-lang/crates.io-index"
checksum = "1944426bf7d03f1d14f708785e4b33efd750b36d48a157b836b3efc15ede8e1d"

[[package]]
name = "futures-task"
version = "0.3.34"
source = "registry+https://github.com/rust-lang/crates.io-index"
checksum = "cd417de3d1d015fc3bfd2b1ea46dfc7bab72ef86f1cc7cc9c78e728b34a6d1fd"

[[package]]
name = "futures-util"
version = "0.3.34"
source = "registry+https://github.com/rust-lang/crates.io-index"
checksum = "0d50a92467f8ba5dd6e3ee5d4bd04d73ab2e4e1c44474a0674821dfce14b79bc"
dependencies = [
 "futures-channel",
 "futures-core",
 "futures-io",
 "futures-macro",
 "futures-sink",
 "futures-task",
 "memchr",
 "pin-project-lite",
 "slab",
]

[[package]]
name = "getrandom"
version = "0.4.3"
source = "registry+https://github.com/rust-lang/crates.io-index"
checksum = "300e883d756b2e4ec94e02791f39b04b522276138852cfc41d9fb7e904106099"
dependencies = [
 "cfg-if",
 "js-sys",
 "libc",
 "r-efi",
 "wasm-bindgen",
]

[[package]]
name = "gosub-shared-fuzz"
version = "0.0.0"
dependencies = [
 "gosub_shared",
 "libfuzzer-sys",
 "roxmltree",
]

[[package]]
name = "gosub_shared"
version = "0.1.1"
dependencies = [
 "anyhow",
 "chardetng",
 "derive_more",
 "encoding_rs",
 "futures",
 "getrandom",
 "lazy_static",
 "memchr",
 "parking_lot",
 "thiserror",
 "uuid",
 "wasm-bindgen-futures",
 "web-sys",
]

[[package]]
name = "jobserver"
version = "0.1.35"
source = "registry+https://github.com/rust-lang/crates.io-index"
checksum = "1c00acbd29eabad4a2392fa0e921c874934dbbf4194312ad20f04a0ed67a3cb3"
dependencies = [
 "getrandom",
 "libc",
]

[[package]]
name = "js-sys"
version = "0.3.105"
source = "registry+https://github.com/rust-lang/crates.io-index"
checksum = "ce57d20d1ea864ce2ac172ab472d409214f4fd359f0b2a2775abdf522e2af99e"
dependencies = [
 "cfg-if",
 "futures-util",
 "wasm-bindgen",
]

[[package]]
name = "lazy_static"
version = "1.5.0"
source = "registry+https://github.com/rust-lang/crates.io-index"
checksum = "bbd2bcb4c963f2ddae06a2efc7e9f3591312473c50c6685e1f298068316e66fe"

[[package]]
name = "libc"
version = "0.2.189"
source = "registry+https://github.com/rust-lang/crates.io-index"
checksum = "3eaf3ede3fee6db1a4c2ee091bf8a8b4dccdc6d17f656fb07896ee72867612f2"

[[package]]
name = "libfuzzer-sys"
version = "0.4.13"
source = "registry+https://github.com/rust-lang/crates.io-index"
checksum = "a9fd2f41a1cba099f79a0b6b6c35656cf7c03351a7bae8ff0f28f25270f929d2"
dependencies = [
 "arbitrary",
 "cc",
]

[[package]]
name = "lock_api"
version = "0.4.14"
source = "registry+https://github.com/rust-lang/crates.io-index"
checksum = "224399e74b87b5f3557511d98dff8b14089b3dadafcab6bb93eab67d3aace965"
dependencies = [
 "scopeguard",
]

[[package]]
name = "memchr"
version = "2.8.3"
source = "registry+https://github.com/rust-lang/crates.io-index"
checksum = "cf8baf1c55e62ffcace7a9f06f4bd9cd3f0c4beb022d3b367256b91b87513d98"

[[package]]
name = "multiversion"
version = "0.9.0"
source = "registry+https://github.com/rust-lang/crates.io-index"
checksum = "b4ca4bea16ffc3f443cf7d866912118196bfef4c6a1556ca00f9f9b00bb43f7c"
dependencies = [
 "multiversion-macros",
]

[[package]]
name = "multiversion-macros"
version = "0.9.0"
source = "registry+https://github.com/rust-lang/crates.io-index"
checksum = "0d416831a7317ef4b08bee00b69cbbb9c8763da7959a7026244d6266869f9c83"
dependencies = [
 "proc-macro2",
 "quote",
 "rustversion",
 "syn 3.0.6",
]

[[package]]
name = "multiversion_no_op"
version = "1.0.0"
source = "registry+https://github.com/rust-lang/crates.io-index"
checksum = "743fb55ba31b18fb1ecef6bdc9aa2743314978ac084044301a7eee33fb99a20d"

[[package]]
name = "once_cell"
version = "1.21.4"
source = "registry+https://github.com/rust-lang/crates.io-index"
checksum = "9f7c3e4beb33f85d45ae3e3a1792185706c8e16d043238c593331cc7cd313b50"

[[package]]
name = "parking_lot"
version = "0.12.5"
source = "registry+https://github.com/rust-lang/crates.io-index"
checksum = "93857453250e3077bd71ff98b6a65ea6621a19bb0f559a85248955ac12c45a1a"
dependencies = [
 "lock_api",
 "parking_lot_core",
]

[[package]]
name = "parking_lot_core"
version = "0.9.12"
source = "registry+https://github.com/rust-lang/crates.io-index"
checksum = "2621685985a2ebf1c516881c026032ac7deafcda1a2c9b7850dc81e3dfcb64c1"
dependencies = [
 "cfg-if",
 "libc",
 "redox_syscall",
 "smallvec",
 "windows-link",
]

[[package]]
name = "pin-project-lite"
version = "0.2.17"
source = "registry+https://github.com/rust-lang/crates.io-index"
checksum = "a89322df9ebe1c1578d689c92318e070967d1042b512afbe49518723f4e6d5cd"

[[package]]
name = "proc-macro2"
version = "1.0.107"
source = "registry+https://github.com/rust-lang/crates.io-index"
checksum = "985e7ec9bb745e6ce6535b544d84d6cd6f7ad8bd711c398938ae983b91a766d9"
dependencies = [
 "unicode-ident",
]

[[package]]
name = "quote"
version = "1.0.47"
source = "registry+https://github.com/rust-lang/crates.io-index"
checksum = "1fbf4db142a473a8d80c26bbf18454ed458bf8d26c8219c331daecfdbd079001"
dependencies = [
 "proc-macro2",
]

[[package]]
name = "r-efi"
version = "6.0.0"
source = "registry+https://github.com/rust-lang/crates.io-index"
checksum = "f8dcc9c7d52a811697d2151c701e0d08956f92b0e24136cf4cf27b57a6a0d9bf"

[[package]]
name = "redox_syscall"
version = "0.5.18"
source = "registry+https://github.com/rust-lang/crates.io-index"
checksum = "ed2bf2547551a7053d6fdfafda3f938979645c44812fbfcda098faae3f1a362d"
dependencies = [
 "bitflags",
]

[[package]]
name = "roxmltree"
version = "0.21.1"
source = "registry+https://github.com/rust-lang/crates.io-index"
checksum = "f1964b10c76125c36f8afe190065a4bf9a87bf324842c05701330bba9f1cacbb"
dependencies = [
 "memchr",
]

[[package]]
name = "rustc_version"
version = "0.4.1"
source = "registry+https://github.com/rust-lang/crates.io-index"
checksum = "cfcb3a22ef46e85b45de6ee7e79d063319ebb6594faafcf1c225ea92ab6e9b92"
dependencies = [
 "semver",
]

[[package]]
name = "rustversion"
version = "1.0.23"
source = "registry+https://github.com/rust-lang/crates.io-index"
checksum = "cf54715a573b99ac80df0bc206da022bcd442c974952c7b9720069370852e21f"

[[package]]
name = "scopeguard"
version = "1.2.0"
source = "registry+https://github.com/rust-lang/crates.io-index"
checksum = "94143f37725109f92c262ed2cf5e59bce7498c01bcc1502d7b9afe439a4e9f49"

[[package]]
name = "semver"
version = "1.0.28"
source = "registry+https://github.com/rust-lang/crates.io-index"
checksum = "8a7852d02fc848982e0c167ef163aaff9cd91dc640ba85e263cb1ce46fae51cd"

[[package]]
name = "shlex"
version = "2.0.1"
source = "registry+https://github.com/rust-lang/crates.io-index"
checksum = "f8fadd59c855ef2080decdef8ff161eb6661b86933c9d82e5ba29dc602a55aba"

[[package]]
name = "simdutf8"
version = "0.1.5"
source = "registry+https://github.com/rust-lang/crates.io-index"
checksum = "e3a9fe34e3e7a50316060351f37187a3f546bce95496156754b601a5fa71b76e"

[[package]]
name = "slab"
version = "0.4.12"
source = "registry+https://github.com/rust-lang/crates.io-index"
checksum = "0c790de23124f9ab44544d7ac05d60440adc586479ce501c1d6d7da3cd8c9cf5"

[[package]]
name = "smallvec"
version = "1.16.1"
source = "registry+https://github.com/rust-lang/crates.io-index"
checksum = "ba467056f1b547ed52077911161fc86985becbc60e8e1857c8a144dab0def891"

[[package]]
name = "syn"
version = "2.0.119"
source = "registry+https://github.com/rust-lang/crates.io-index"
checksum = "872831b642d1a07999a962a351ed35b955ea2cfc8f3862091e2a240a84f17297"
dependencies = [
 "proc-macro2",
 "quote",
 "unicode-ident",
]

[[package]]
name = "syn"
version = "3.0.6"
source = "registry+https://github.com/rust-lang/crates.io-index"
checksum = "8593e8e72159ed2257d083c7a454a85cbf854f37a0966d8d483aff8c8a3ebcee"
dependencies = [
 "proc-macro2",
 "quote",
 "unicode-ident",
]

[[package]]
name = "thiserror"
version = "2.0.20"
source = "registry+https://github.com/rust-lang/crates.io-index"
checksum = "ec86235f5fcc2a73650310756d2ac5b138a5780bbbdfae3eeccec992c435ba4f"
dependencies = [
 "thiserror-impl",
]

[[package]]
name = "thiserror-impl"
version = "2.0.20"
source = "registry+https://github.com/rust-lang/crates.io-index"
checksum = "bc04cd3e1236dd4a98afca4569f2deb3f120e5422a4023be2cb683f8486292af"
dependencies = [
 "proc-macro2",
 "quote",
 "syn 3.0.6",
]

[[package]]
name = "unicode-ident"
version = "1.0.26"
source = "registry+https://github.com/rust-lang/crates.io-index"
checksum = "d245f478577f809a851594d02313b640fb437e0bb33866753cff937863096954"

[[package]]
name = "unicode-segmentation"
version = "1.13.3"
source = "registry+https://github.com/rust-lang/crates.io-index"
checksum = "c6f5d3c3b1bf09027a88a6bc961fc00497d651009560b5463668dc81b0fa87a8"

[[package]]
name = "unicode-xid"
version = "0.2.6"
source = "registry+https://github.com/rust-lang/crates.io-index"
checksum = "ebc1c04c71510c7f702b52b7c350734c9ff1295c464a03335b00bb84fc54f853"

[[package]]
name = "uuid"
version = "1.26.1"
source = "registry+https://github.com/rust-lang/crates.io-index"
checksum = "2ef6dac1e96601b4fb3acccccff2139741fcb757cb9a36089bf5be91cfb285ce"
dependencies = [
 "getrandom",
 "js-sys",
 "wasm-bindgen",
]

[[package]]
name = "wasm-bindgen"
version = "0.2.128"
source = "registry+https://github.com/rust-lang/crates.io-index"
checksum = "aecb87a33d3b0c5e3b7aa46336eaf486cffafbd281b195e4c8b80d50df2351bf"
dependencies = [
 "cfg-if",
 "once_cell",
 "rustversion",
 "wasm-bindgen-macro",
 "wasm-bindgen-shared",
]

[[package]]
name = "wasm-bindgen-futures"
version = "0.4.78"
source = "registry+https://github.com/rust-lang/crates.io-index"
checksum = "6ef4c5d3d2cdf5c54f4231181768f5510842e350db025faf1f7163b1030ed928"
dependencies = [
 "js-sys",
 "wasm-bindgen",
]

[[package]]
name = "wasm-bindgen-macro"
version = "0.2.128"
source = "registry+https://github.com/rust-lang/crates.io-index"
checksum = "a690d511e3c1a8b3a55e33511e3c2c00c78415cd23650f32b808627f5696b9ed"
dependencies = [
 "quote",
 "wasm-bindgen-macro-support",
]

[[package]]
name = "wasm-bindgen-macro-support"
version = "0.2.128"
source = "registry+https://github.com/rust-lang/crates.io-index"
checksum = "411e4887f0071ef2d2164a9d5fdf2d20efbef78fccd3a78b0c10a1dc5295e48a"
dependencies = [
 "bumpalo",
 "proc-macro2",
 "quote",
 "syn 3.0.6",
 "wasm-bindgen-shared",
]

[[package]]
name = "wasm-bindgen-shared"
version = "0.2.128"
source = "registry+https://github.com/rust-lang/crates.io-index"
checksum = "81941cd78d0c92026c33e5e01312845a4cb1e9af3407f9134b100dd03144103e"
dependencies = [
 "unicode-ident",
]

[[package]]
name = "web-sys"
version = "0.3.105"
source = "registry+https://github.com/rust-lang/crates.io-index"
checksum = "9fbddc4a036f00ec4f18c83445bd3115cb306a91da554919a099d9222fe4a7f8"
dependencies = [
 "js-sys",
 "wasm-bindgen",
]

[[package]]
name = "windows-link"
version = "0.2.1"
source = "registry+https://github.com/rust-lang/crates.io-index"
checksum = "f0805222e57f7521d6a62e36fa9163bc891acd422f971defe97d64e70d0a4fe5"
